{
  "name": "multichain-node",
  "version": "2.2.0-version1.0.4",
  "lockfileVersion": 1,
  "requires": true,
  "dependencies": {
    "multichain-node": {
      "version": "2.2.0-version1.0.4",
      "resolved": "https://registry.npmjs.org/multichain-node/-/multichain-node-2.2.0-version1.0.4.tgz",
      "integrity": "sha512-1y9U7SXo8osBD/y7TZF1/4/PMLJJTi7AYVZ6EkTZSV9WfbxP/CAok+AviUCaFBykljKgz1WNRljle4lmDS/5tQ=="
    }
  }
}
