# THIS IS AN AUTOGENERATED FILE. DO NOT EDIT THIS FILE DIRECTLY.
# yarn lockfile v1


multichain-node@^2.2.0-version1.0.4:
  version "2.2.0-version1.0.4"
  resolved "https://registry.yarnpkg.com/multichain-node/-/multichain-node-2.2.0-version1.0.4.tgz#1232dc8fa9a95ce40234362ef1cf9ffde3d15488"
  integrity sha512-1y9U7SXo8osBD/y7TZF1/4/PMLJJTi7AYVZ6EkTZSV9WfbxP/CAok+AviUCaFBykljKgz1WNRljle4lmDS/5tQ==
